
Microsoft Visual Studio Solution File, Format Version 12.00
# Visual Studio 15
VisualStudioVersion = 15.0.27004.2008
MinimumVisualStudioVersion = 10.0.40219.1
Project("{FAE04EC0-301F-11D3-BF4B-00C04F79EFBC}") = "VillaNova", "VillaNova\VillaNova.csproj", "{53A28721-65E3-4F28-90B0-2F876718CE4F}"
EndProject
Global
	GlobalSection(SolutionConfigurationPlatforms) = preSolution
		Debug|Any CPU = Debug|Any CPU
		Release|Any CPU = Release|Any CPU
	EndGlobalSection
	GlobalSection(ProjectConfigurationPlatforms) = postSolution
		{53A28721-65E3-4F28-90B0-2F876718CE4F}.Debug|Any CPU.ActiveCfg = Debug|Any CPU
		{53A28721-65E3-4F28-90B0-2F876718CE4F}.Debug|Any CPU.Build.0 = Debug|Any CPU
		{53A28721-65E3-4F28-90B0-2F876718CE4F}.Release|Any CPU.ActiveCfg = Release|Any CPU
		{53A28721-65E3-4F28-90B0-2F876718CE4F}.Release|Any CPU.Build.0 = Release|Any CPU
	EndGlobalSection
	GlobalSection(SolutionProperties) = preSolution
		HideSolutionNode = FALSE
	EndGlobalSection
	GlobalSection(ExtensibilityGlobals) = postSolution
		SolutionGuid = {911325FD-5F6C-483B-8A9C-8A7C71EB65FC}
	EndGlobalSection
EndGlobal
